{
  "requires": true,
  "lockfileVersion": 1,
  "dependencies": {
    "@mdi/js": {
      "version": "5.9.55",
      "resolved": "https://registry.npmjs.org/@mdi/js/-/js-5.9.55.tgz",
      "integrity": "sha512-BbeHMgeK2/vjdJIRnx12wvQ6s8xAYfvMmEAVsUx9b+7GiQGQ9Za8jpwp17dMKr9CgKRvemlAM4S7S3QOtEbp4A=="
    },
    "axios": {
      "version": "0.21.1",
      "resolved": "https://registry.npmjs.org/axios/-/axios-0.21.1.tgz",
      "integrity": "sha512-dKQiRHxGD9PPRIUNIWvZhPTPpl1rf/OxTYKsqKUDjBwYylTvV7SjSHJb9ratfyzM6wCdLCOYLzs73qpg5c4iGA==",
      "requires": {
        "follow-redirects": "^1.10.0"
      }
    },
    "follow-redirects": {
      "version": "1.13.3",
      "resolved": "https://registry.npmjs.org/follow-redirects/-/follow-redirects-1.13.3.tgz",
      "integrity": "sha512-DUgl6+HDzB0iEptNQEXLx/KhTmDb8tZUHSeLqpnjpknR70H0nC2t9N73BK6fN4hOvJ84pKlIQVQ4k5FFlBedKA=="
    },
    "mdi": {
      "version": "2.2.43",
      "resolved": "https://registry.npmjs.org/mdi/-/mdi-2.2.43.tgz",
      "integrity": "sha512-g3m6z4303qieltUM20JL2gdsJZvoVzIzO74qa2XxZ2kg9JPwrPEAgooVhRDHZi1vvRh0gB8Dg+c9XqNdz4jcIg=="
    }
  }
}
